
Microsoft Visual Studio Solution File, Format Version 12.00
# Visual Studio Version 17
VisualStudioVersion = 17.14.36212.18
MinimumVisualStudioVersion = 10.0.40219.1
Project("{FAE04EC0-301F-11D3-BF4B-00C04F79EFBC}") = "Web.Admin", "Web.Admin\Web.Admin.csproj", "{90C3A594-C297-4A65-AF92-DDE62DDDEE7E}"
EndProject
Project("{FAE04EC0-301F-11D3-BF4B-00C04F79EFBC}") = "Web.Client", "Web.Client\Web.Client.csproj", "{50878EF2-8C88-49EF-9BFF-1C72946A0655}"
EndProject
Project("{FAE04EC0-301F-11D3-BF4B-00C04F79EFBC}") = "PetShop.Core", "PetShop.Core\PetShop.Core.csproj", "{A5F90044-4A89-4731-A5B8-C5AF85F2C92A}"
EndProject
Global
	GlobalSection(SolutionConfigurationPlatforms) = preSolution
		Debug|Any CPU = Debug|Any CPU
		Release|Any CPU = Release|Any CPU
	EndGlobalSection
	GlobalSection(ProjectConfigurationPlatforms) = postSolution
		{90C3A594-C297-4A65-AF92-DDE62DDDEE7E}.Debug|Any CPU.ActiveCfg = Debug|Any CPU
		{90C3A594-C297-4A65-AF92-DDE62DDDEE7E}.Debug|Any CPU.Build.0 = Debug|Any CPU
		{90C3A594-C297-4A65-AF92-DDE62DDDEE7E}.Release|Any CPU.ActiveCfg = Release|Any CPU
		{90C3A594-C297-4A65-AF92-DDE62DDDEE7E}.Release|Any CPU.Build.0 = Release|Any CPU
		{50878EF2-8C88-49EF-9BFF-1C72946A0655}.Debug|Any CPU.ActiveCfg = Debug|Any CPU
		{50878EF2-8C88-49EF-9BFF-1C72946A0655}.Debug|Any CPU.Build.0 = Debug|Any CPU
		{50878EF2-8C88-49EF-9BFF-1C72946A0655}.Release|Any CPU.ActiveCfg = Release|Any CPU
		{50878EF2-8C88-49EF-9BFF-1C72946A0655}.Release|Any CPU.Build.0 = Release|Any CPU
		{A5F90044-4A89-4731-A5B8-C5AF85F2C92A}.Debug|Any CPU.ActiveCfg = Debug|Any CPU
		{A5F90044-4A89-4731-A5B8-C5AF85F2C92A}.Debug|Any CPU.Build.0 = Debug|Any CPU
		{A5F90044-4A89-4731-A5B8-C5AF85F2C92A}.Release|Any CPU.ActiveCfg = Release|Any CPU
		{A5F90044-4A89-4731-A5B8-C5AF85F2C92A}.Release|Any CPU.Build.0 = Release|Any CPU
	EndGlobalSection
	GlobalSection(SolutionProperties) = preSolution
		HideSolutionNode = FALSE
	EndGlobalSection
	GlobalSection(ExtensibilityGlobals) = postSolution
		SolutionGuid = {350B98DF-2749-4FBB-B6AD-4DA314F2C8DA}
	EndGlobalSection
EndGlobal
